
Microsoft Visual Studio Solution File, Format Version 12.00
# Visual Studio Version 17
VisualStudioVersion = 17.4.33205.214
MinimumVisualStudioVersion = 10.0.40219.1
Project("{FAE04EC0-301F-11D3-BF4B-00C04F79EFBC}") = "WeatherAppAPI", "WeatherAppAPI.csproj", "{11E7432A-450D-4020-9201-4209D7715CE8}"
EndProject
Global
	GlobalSection(SolutionConfigurationPlatforms) = preSolution
		Debug|Any CPU = Debug|Any CPU
		Release|Any CPU = Release|Any CPU
	EndGlobalSection
	GlobalSection(ProjectConfigurationPlatforms) = postSolution
		{11E7432A-450D-4020-9201-4209D7715CE8}.Debug|Any CPU.ActiveCfg = Debug|Any CPU
		{11E7432A-450D-4020-9201-4209D7715CE8}.Debug|Any CPU.Build.0 = Debug|Any CPU
		{11E7432A-450D-4020-9201-4209D7715CE8}.Release|Any CPU.ActiveCfg = Release|Any CPU
		{11E7432A-450D-4020-9201-4209D7715CE8}.Release|Any CPU.Build.0 = Release|Any CPU
	EndGlobalSection
	GlobalSection(SolutionProperties) = preSolution
		HideSolutionNode = FALSE
	EndGlobalSection
	GlobalSection(ExtensibilityGlobals) = postSolution
		SolutionGuid = {1B944E6E-2607-4FC3-B299-0E42E36FD93F}
	EndGlobalSection
EndGlobal
